
Microsoft Visual Studio Solution File, Format Version 12.00
# Visual Studio Version 16
VisualStudioVersion = 16.0.30621.155
MinimumVisualStudioVersion = 10.0.40219.1
Project("{FAE04EC0-301F-11D3-BF4B-00C04F79EFBC}") = "MakeNews", "MakeNews.csproj", "{1985A48D-62F1-4E0B-AD9E-DFC32E16DEC3}"
EndProject
Project("{54435603-DBB4-11D2-8724-00A0C9A8B90C}") = "MakeNewsSetup", "MakeNewsSetup\MakeNewsSetup.vdproj", "{D368A133-51B9-4FB3-8EF7-50C690C1F073}"
EndProject
Global
	GlobalSection(SolutionConfigurationPlatforms) = preSolution
		Debug|Any CPU = Debug|Any CPU
		Debug|x86 = Debug|x86
		Release|Any CPU = Release|Any CPU
		Release|x86 = Release|x86
	EndGlobalSection
	GlobalSection(ProjectConfigurationPlatforms) = postSolution
		{1985A48D-62F1-4E0B-AD9E-DFC32E16DEC3}.Debug|Any CPU.ActiveCfg = Debug|Any CPU
		{1985A48D-62F1-4E0B-AD9E-DFC32E16DEC3}.Debug|Any CPU.Build.0 = Debug|Any CPU
		{1985A48D-62F1-4E0B-AD9E-DFC32E16DEC3}.Debug|x86.ActiveCfg = Release|x86
		{1985A48D-62F1-4E0B-AD9E-DFC32E16DEC3}.Debug|x86.Build.0 = Release|x86
		{1985A48D-62F1-4E0B-AD9E-DFC32E16DEC3}.Release|Any CPU.ActiveCfg = Release|Any CPU
		{1985A48D-62F1-4E0B-AD9E-DFC32E16DEC3}.Release|Any CPU.Build.0 = Release|Any CPU
		{1985A48D-62F1-4E0B-AD9E-DFC32E16DEC3}.Release|x86.ActiveCfg = Release|x86
		{1985A48D-62F1-4E0B-AD9E-DFC32E16DEC3}.Release|x86.Build.0 = Release|x86
		{D368A133-51B9-4FB3-8EF7-50C690C1F073}.Debug|Any CPU.ActiveCfg = Debug
		{D368A133-51B9-4FB3-8EF7-50C690C1F073}.Debug|x86.ActiveCfg = Release
		{D368A133-51B9-4FB3-8EF7-50C690C1F073}.Release|Any CPU.ActiveCfg = Release
		{D368A133-51B9-4FB3-8EF7-50C690C1F073}.Release|x86.ActiveCfg = Release
	EndGlobalSection
	GlobalSection(SolutionProperties) = preSolution
		HideSolutionNode = FALSE
	EndGlobalSection
	GlobalSection(ExtensibilityGlobals) = postSolution
		SolutionGuid = {F9E28850-DE77-437B-B0B3-82C2EA508B41}
	EndGlobalSection
EndGlobal
